// !$*UTF8*$!
{
	archiveVersion = 1;
	classes = {
	};
	objectVersion = 51;
	objects = {

/* Begin PBXBuildFile section */
		728968E052C068C8ED077B16 /* Pods_Snacktacular.framework in Frameworks */ = {isa = PBXBuildFile; fileRef = 023E09C997C4A8484E74A093 /* Pods_Snacktacular.framework */; };
		F84CC701254F708D00193203 /* AppDelegate.swift in Sources */ = {isa = PBXBuildFile; fileRef = F84CC700254F708D00193203 /* AppDelegate.swift */; };
		F84CC703254F708D00193203 /* SceneDelegate.swift in Sources */ = {isa = PBXBuildFile; fileRef = F84CC702254F708D00193203 /* SceneDelegate.swift */; };
		F84CC705254F708D00193203 /* LoginViewController.swift in Sources */ = {isa = PBXBuildFile; fileRef = F84CC704254F708D00193203 /* LoginViewController.swift */; };
		F84CC708254F708D00193203 /* Main.storyboard in Resources */ = {isa = PBXBuildFile; fileRef = F84CC706254F708D00193203 /* Main.storyboard */; };
		F84CC70A254F708D00193203 /* Assets.xcassets in Resources */ = {isa = PBXBuildFile; fileRef = F84CC709254F708D00193203 /* Assets.xcassets */; };
		F84CC70D254F708D00193203 /* LaunchScreen.storyboard in Resources */ = {isa = PBXBuildFile; fileRef = F84CC70B254F708D00193203 /* LaunchScreen.storyboard */; };
		F862CAFD25508899000E1CB2 /* Spot.swift in Sources */ = {isa = PBXBuildFile; fileRef = F862CAFC25508899000E1CB2 /* Spot.swift */; };
		F862CB1F25508D63000E1CB2 /* UIViewController+alert.swift in Sources */ = {isa = PBXBuildFile; fileRef = F862CB1E25508D63000E1CB2 /* UIViewController+alert.swift */; };
		F862CB6025509850000E1CB2 /* Spots.swift in Sources */ = {isa = PBXBuildFile; fileRef = F862CB5F25509850000E1CB2 /* Spots.swift */; };
		F8B5E4DB254F737A002D2054 /* GoogleService-Info.plist in Resources */ = {isa = PBXBuildFile; fileRef = F8B5E4DA254F737A002D2054 /* GoogleService-Info.plist */; };
		F8B5E4DF254FA009002D2054 /* SpotListViewController.swift in Sources */ = {isa = PBXBuildFile; fileRef = F8B5E4DE254FA009002D2054 /* SpotListViewController.swift */; };
		F8B5E4E2254FA358002D2054 /* SpotTableViewCell.swift in Sources */ = {isa = PBXBuildFile; fileRef = F8B5E4E1254FA358002D2054 /* SpotTableViewCell.swift */; };
		F8B5E4E5254FA80F002D2054 /* SpotDetailViewController.swift in Sources */ = {isa = PBXBuildFile; fileRef = F8B5E4E4254FA80F002D2054 /* SpotDetailViewController.swift */; };
/* End PBXBuildFile section */

/* Begin PBXFileReference section */
		023E09C997C4A8484E74A093 /* Pods_Snacktacular.framework */ = {isa = PBXFileReference; explicitFileType = wrapper.framework; includeInIndex = 0; path = Pods_Snacktacular.framework; sourceTree = BUILT_PRODUCTS_DIR; };
		1F2FF1398462091CC15F269D /* Pods-Snacktacular.release.xcconfig */ = {isa = PBXFileReference; includeInIndex = 1; lastKnownFileType = text.xcconfig; name = "Pods-Snacktacular.release.xcconfig"; path = "Target Support Files/Pods-Snacktacular/Pods-Snacktacular.release.xcconfig"; sourceTree = "<group>"; };
		922FDE881BF68F36170376C0 /* Pods-Snacktacular.debug.xcconfig */ = {isa = PBXFileReference; includeInIndex = 1; lastKnownFileType = text.xcconfig; name = "Pods-Snacktacular.debug.xcconfig"; path = "Target Support Files/Pods-Snacktacular/Pods-Snacktacular.debug.xcconfig"; sourceTree = "<group>"; };
		F84CC6FD254F708D00193203 /* Snacktacular.app */ = {isa = PBXFileReference; explicitFileType = wrapper.application; includeInIndex = 0; path = Snacktacular.app; sourceTree = BUILT_PRODUCTS_DIR; };
		F84CC700254F708D00193203 /* AppDelegate.swift */ = {isa = PBXFileReference; lastKnownFileType = sourcecode.swift; path = AppDelegate.swift; sourceTree = "<group>"; };
		F84CC702254F708D00193203 /* SceneDelegate.swift */ = {isa = PBXFileReference; lastKnownFileType = sourcecode.swift; path = SceneDelegate.swift; sourceTree = "<group>"; };
		F84CC704254F708D00193203 /* LoginViewController.swift */ = {isa = PBXFileReference; lastKnownFileType = sourcecode.swift; path = LoginViewController.swift; sourceTree = "<group>"; };
		F84CC707254F708D00193203 /* Base */ = {isa = PBXFileReference; lastKnownFileType = file.storyboard; name = Base; path = Base.lproj/Main.storyboard; sourceTree = "<group>"; };
		F84CC709254F708D00193203 /* Assets.xcassets */ = {isa = PBXFileReference; lastKnownFileType = folder.assetcatalog; path = Assets.xcassets; sourceTree = "<group>"; };
		F84CC70C254F708D00193203 /* Base */ = {isa = PBXFileReference; lastKnownFileType = file.storyboard; name = Base; path = Base.lproj/LaunchScreen.storyboard; sourceTree = "<group>"; };
		F84CC70E254F708D00193203 /* Info.plist */ = {isa = PBXFileReference; lastKnownFileType = text.plist.xml; path = Info.plist; sourceTree = "<group>"; };
		F862CAFC25508899000E1CB2 /* Spot.swift */ = {isa = PBXFileReference; lastKnownFileType = sourcecode.swift; path = Spot.swift; sourceTree = "<group>"; };
		F862CB1E25508D63000E1CB2 /* UIViewController+alert.swift */ = {isa = PBXFileReference; lastKnownFileType = sourcecode.swift; path = "UIViewController+alert.swift"; sourceTree = "<group>"; };
		F862CB5F25509850000E1CB2 /* Spots.swift */ = {isa = PBXFileReference; lastKnownFileType = sourcecode.swift; path = Spots.swift; sourceTree = "<group>"; };
		F8B5E4DA254F737A002D2054 /* GoogleService-Info.plist */ = {isa = PBXFileReference; lastKnownFileType = text.plist; path = "GoogleService-Info.plist"; sourceTree = SOURCE_ROOT; };
		F8B5E4DE254FA009002D2054 /* SpotListViewController.swift */ = {isa = PBXFileReference; lastKnownFileType = sourcecode.swift; path = SpotListViewController.swift; sourceTree = "<group>"; };
		F8B5E4E1254FA358002D2054 /* SpotTableViewCell.swift */ = {isa = PBXFileReference; lastKnownFileType = sourcecode.swift; path = SpotTableViewCell.swift; sourceTree = "<group>"; };
		F8B5E4E4254FA80F002D2054 /* SpotDetailViewController.swift */ = {isa = PBXFileReference; lastKnownFileType = sourcecode.swift; path = SpotDetailViewController.swift; sourceTree = "<group>"; };
/* End PBXFileReference section */

/* Begin PBXFrameworksBuildPhase section */
		F84CC6FA254F708D00193203 /* Frameworks */ = {
			isa = PBXFrameworksBuildPhase;
			buildActionMask = 2147483647;
			files = (
				728968E052C068C8ED077B16 /* Pods_Snacktacular.framework in Frameworks */,
			);
			runOnlyForDeploymentPostprocessing = 0;
		};
/* End PBXFrameworksBuildPhase section */

/* Begin PBXGroup section */
		D5841AE0E9C7D21E877D91F8 /* Pods */ = {
			isa = PBXGroup;
			children = (
				922FDE881BF68F36170376C0 /* Pods-Snacktacular.debug.xcconfig */,
				1F2FF1398462091CC15F269D /* Pods-Snacktacular.release.xcconfig */,
			);
			path = Pods;
			sourceTree = "<group>";
		};
		F84CC6F4254F708C00193203 = {
			isa = PBXGroup;
			children = (
				F84CC6FF254F708D00193203 /* Snacktacular */,
				F84CC6FE254F708D00193203 /* Products */,
				D5841AE0E9C7D21E877D91F8 /* Pods */,
				FBE2C251B34FE79D74719D07 /* Frameworks */,
			);
			sourceTree = "<group>";
		};
		F84CC6FE254F708D00193203 /* Products */ = {
			isa = PBXGroup;
			children = (
				F84CC6FD254F708D00193203 /* Snacktacular.app */,
			);
			name = Products;
			sourceTree = "<group>";
		};
		F84CC6FF254F708D00193203 /* Snacktacular */ = {
			isa = PBXGroup;
			children = (
				F84CC700254F708D00193203 /* AppDelegate.swift */,
				F84CC702254F708D00193203 /* SceneDelegate.swift */,
				F862CAFC25508899000E1CB2 /* Spot.swift */,
				F862CB5F25509850000E1CB2 /* Spots.swift */,
				F84CC704254F708D00193203 /* LoginViewController.swift */,
				F8B5E4DE254FA009002D2054 /* SpotListViewController.swift */,
				F8B5E4E1254FA358002D2054 /* SpotTableViewCell.swift */,
				F8B5E4E4254FA80F002D2054 /* SpotDetailViewController.swift */,
				F862CB1E25508D63000E1CB2 /* UIViewController+alert.swift */,
				F84CC706254F708D00193203 /* Main.storyboard */,
				F84CC709254F708D00193203 /* Assets.xcassets */,
				F84CC70B254F708D00193203 /* LaunchScreen.storyboard */,
				F84CC70E254F708D00193203 /* Info.plist */,
				F8B5E4DA254F737A002D2054 /* GoogleService-Info.plist */,
			);
			path = Snacktacular;
			sourceTree = "<group>";
		};
		FBE2C251B34FE79D74719D07 /* Frameworks */ = {
			isa = PBXGroup;
			children = (
				023E09C997C4A8484E74A093 /* Pods_Snacktacular.framework */,
			);
			name = Frameworks;
			sourceTree = "<group>";
		};
/* End PBXGroup section */

/* Begin PBXNativeTarget section */
		F84CC6FC254F708D00193203 /* Snacktacular */ = {
			isa = PBXNativeTarget;
			buildConfigurationList = F84CC711254F708D00193203 /* Build configuration list for PBXNativeTarget "Snacktacular" */;
			buildPhases = (
				03B46D4F3C1A481EE7833559 /* [CP] Check Pods Manifest.lock */,
				F84CC6F9254F708D00193203 /* Sources */,
				F84CC6FA254F708D00193203 /* Frameworks */,
				F84CC6FB254F708D00193203 /* Resources */,
				A5D1D86A57390E50BF290029 /* [CP] Embed Pods Frameworks */,
				9E8D580540E1A7B0AE85B12B /* [CP] Copy Pods Resources */,
			);
			buildRules = (
			);
			dependencies = (
			);
			name = Snacktacular;
			productName = Snacktacular;
			productReference = F84CC6FD254F708D00193203 /* Snacktacular.app */;
			productType = "com.apple.product-type.application";
		};
/* End PBXNativeTarget section */

/* Begin PBXProject section */
		F84CC6F5254F708C00193203 /* Project object */ = {
			isa = PBXProject;
			attributes = {
				LastSwiftUpdateCheck = 1210;
				LastUpgradeCheck = 1210;
				TargetAttributes = {
					F84CC6FC254F708D00193203 = {
						CreatedOnToolsVersion = 12.1;
					};
				};
			};
			buildConfigurationList = F84CC6F8254F708C00193203 /* Build configuration list for PBXProject "Snacktacular" */;
			compatibilityVersion = "Xcode 9.3";
			developmentRegion = en;
			hasScannedForEncodings = 0;
			knownRegions = (
				en,
				Base,
			);
			mainGroup = F84CC6F4254F708C00193203;
			productRefGroup = F84CC6FE254F708D00193203 /* Products */;
			projectDirPath = "";
			projectRoot = "";
			targets = (
				F84CC6FC254F708D00193203 /* Snacktacular */,
			);
		};
/* End PBXProject section */

/* Begin PBXResourcesBuildPhase section */
		F84CC6FB254F708D00193203 /* Resources */ = {
			isa = PBXResourcesBuildPhase;
			buildActionMask = 2147483647;
			files = (
				F84CC70D254F708D00193203 /* LaunchScreen.storyboard in Resources */,
				F8B5E4DB254F737A002D2054 /* GoogleService-Info.plist in Resources */,
				F84CC70A254F708D00193203 /* Assets.xcassets in Resources */,
				F84CC708254F708D00193203 /* Main.storyboard in Resources */,
			);
			runOnlyForDeploymentPostprocessing = 0;
		};
/* End PBXResourcesBuildPhase section */

/* Begin PBXShellScriptBuildPhase section */
		03B46D4F3C1A481EE7833559 /* [CP] Check Pods Manifest.lock */ = {
			isa = PBXShellScriptBuildPhase;
			buildActionMask = 2147483647;
			files = (
			);
			inputFileListPaths = (
			);
			inputPaths = (
				"${PODS_PODFILE_DIR_PATH}/Podfile.lock",
				"${PODS_ROOT}/Manifest.lock",
			);
			name = "[CP] Check Pods Manifest.lock";
			outputFileListPaths = (
			);
			outputPaths = (
				"$(DERIVED_FILE_DIR)/Pods-Snacktacular-checkManifestLockResult.txt",
			);
			runOnlyForDeploymentPostprocessing = 0;
			shellPath = /bin/sh;
			shellScript = "diff \"${PODS_PODFILE_DIR_PATH}/Podfile.lock\" \"${PODS_ROOT}/Manifest.lock\" > /dev/null\nif [ $? != 0 ] ; then\n    # print error to STDERR\n    echo \"error: The sandbox is not in sync with the Podfile.lock. Run 'pod install' or update your CocoaPods installation.\" >&2\n    exit 1\nfi\n# This output is used by Xcode 'outputs' to avoid re-running this script phase.\necho \"SUCCESS\" > \"${SCRIPT_OUTPUT_FILE_0}\"\n";
			showEnvVarsInLog = 0;
		};
		9E8D580540E1A7B0AE85B12B /* [CP] Copy Pods Resources */ = {
			isa = PBXShellScriptBuildPhase;
			buildActionMask = 2147483647;
			files = (
			);
			inputFileListPaths = (
				"${PODS_ROOT}/Target Support Files/Pods-Snacktacular/Pods-Snacktacular-resources-${CONFIGURATION}-input-files.xcfilelist",
			);
			name = "[CP] Copy Pods Resources";
			outputFileListPaths = (
				"${PODS_ROOT}/Target Support Files/Pods-Snacktacular/Pods-Snacktacular-resources-${CONFIGURATION}-output-files.xcfilelist",
			);
			runOnlyForDeploymentPostprocessing = 0;
			shellPath = /bin/sh;
			shellScript = "\"${PODS_ROOT}/Target Support Files/Pods-Snacktacular/Pods-Snacktacular-resources.sh\"\n";
			showEnvVarsInLog = 0;
		};
		A5D1D86A57390E50BF290029 /* [CP] Embed Pods Frameworks */ = {
			isa = PBXShellScriptBuildPhase;
			buildActionMask = 2147483647;
			files = (
			);
			inputFileListPaths = (
				"${PODS_ROOT}/Target Support Files/Pods-Snacktacular/Pods-Snacktacular-frameworks-${CONFIGURATION}-input-files.xcfilelist",
			);
			name = "[CP] Embed Pods Frameworks";
			outputFileListPaths = (
				"${PODS_ROOT}/Target Support Files/Pods-Snacktacular/Pods-Snacktacular-frameworks-${CONFIGURATION}-output-files.xcfilelist",
			);
			runOnlyForDeploymentPostprocessing = 0;
			shellPath = /bin/sh;
			shellScript = "\"${PODS_ROOT}/Target Support Files/Pods-Snacktacular/Pods-Snacktacular-frameworks.sh\"\n";
			showEnvVarsInLog = 0;
		};
/* End PBXShellScriptBuildPhase section */

/* Begin PBXSourcesBuildPhase section */
		F84CC6F9254F708D00193203 /* Sources */ = {
			isa = PBXSourcesBuildPhase;
			buildActionMask = 2147483647;
			files = (
				F8B5E4DF254FA009002D2054 /* SpotListViewController.swift in Sources */,
				F84CC705254F708D00193203 /* LoginViewController.swift in Sources */,
				F84CC701254F708D00193203 /* AppDelegate.swift in Sources */,
				F8B5E4E5254FA80F002D2054 /* SpotDetailViewController.swift in Sources */,
				F862CB6025509850000E1CB2 /* Spots.swift in Sources */,
				F8B5E4E2254FA358002D2054 /* SpotTableViewCell.swift in Sources */,
				F862CAFD25508899000E1CB2 /* Spot.swift in Sources */,
				F84CC703254F708D00193203 /* SceneDelegate.swift in Sources */,
				F862CB1F25508D63000E1CB2 /* UIViewController+alert.swift in Sources */,
			);
			runOnlyForDeploymentPostprocessing = 0;
		};
/* End PBXSourcesBuildPhase section */

/* Begin PBXVariantGroup section */
		F84CC706254F708D00193203 /* Main.storyboard */ = {
			isa = PBXVariantGroup;
			children = (
				F84CC707254F708D00193203 /* Base */,
			);
			name = Main.storyboard;
			sourceTree = "<group>";
		};
		F84CC70B254F708D00193203 /* LaunchScreen.storyboard */ = {
			isa = PBXVariantGroup;
			children = (
				F84CC70C254F708D00193203 /* Base */,
			);
			name = LaunchScreen.storyboard;
			sourceTree = "<group>";
		};
/* End PBXVariantGroup section */

/* Begin XCBuildConfiguration section */
		F84CC70F254F708D00193203 /* Debug */ = {
			isa = XCBuildConfiguration;
			buildSettings = {
				ALWAYS_SEARCH_USER_PATHS = NO;
				CLANG_ANALYZER_NONNULL = YES;
				CLANG_ANALYZER_NUMBER_OBJECT_CONVERSION = YES_AGGRESSIVE;
				CLANG_CXX_LANGUAGE_STANDARD = "gnu++14";
				CLANG_CXX_LIBRARY = "libc++";
				CLANG_ENABLE_MODULES = YES;
				CLANG_ENABLE_OBJC_ARC = YES;
				CLANG_ENABLE_OBJC_WEAK = YES;
				CLANG_WARN_BLOCK_CAPTURE_AUTORELEASING = YES;
				CLANG_WARN_BOOL_CONVERSION = YES;
				CLANG_WARN_COMMA = YES;
				CLANG_WARN_CONSTANT_CONVERSION = YES;
				CLANG_WARN_DEPRECATED_OBJC_IMPLEMENTATIONS = YES;
				CLANG_WARN_DIRECT_OBJC_ISA_USAGE = YES_ERROR;
				CLANG_WARN_DOCUMENTATION_COMMENTS = YES;
				CLANG_WARN_EMPTY_BODY = YES;
				CLANG_WARN_ENUM_CONVERSION = YES;
				CLANG_WARN_INFINITE_RECURSION = YES;
				CLANG_WARN_INT_CONVERSION = YES;
				CLANG_WARN_NON_LITERAL_NULL_CONVERSION = YES;
				CLANG_WARN_OBJC_IMPLICIT_RETAIN_SELF = YES;
				CLANG_WARN_OBJC_LITERAL_CONVERSION = YES;
				CLANG_WARN_OBJC_ROOT_CLASS = YES_ERROR;
				CLANG_WARN_QUOTED_INCLUDE_IN_FRAMEWORK_HEADER = YES;
				CLANG_WARN_RANGE_LOOP_ANALYSIS = YES;
				CLANG_WARN_STRICT_PROTOTYPES = YES;
				CLANG_WARN_SUSPICIOUS_MOVE = YES;
				CLANG_WARN_UNGUARDED_AVAILABILITY = YES_AGGRESSIVE;
				CLANG_WARN_UNREACHABLE_CODE = YES;
				CLANG_WARN__DUPLICATE_METHOD_MATCH = YES;
				COPY_PHASE_STRIP = NO;
				DEBUG_INFORMATION_FORMAT = dwarf;
				ENABLE_STRICT_OBJC_MSGSEND = YES;
				ENABLE_TESTABILITY = YES;
				GCC_C_LANGUAGE_STANDARD = gnu11;
				GCC_DYNAMIC_NO_PIC = NO;
				GCC_NO_COMMON_BLOCKS = YES;
				GCC_OPTIMIZATION_LEVEL = 0;
				GCC_PREPROCESSOR_DEFINITIONS = (
					"DEBUG=1",
					"$(inherited)",
				);
				GCC_WARN_64_TO_32_BIT_CONVERSION = YES;
				GCC_WARN_ABOUT_RETURN_TYPE = YES_ERROR;
				GCC_WARN_UNDECLARED_SELECTOR = YES;
				GCC_WARN_UNINITIALIZED_AUTOS = YES_AGGRESSIVE;
				GCC_WARN_UNUSED_FUNCTION = YES;
				GCC_WARN_UNUSED_VARIABLE = YES;
				IPHONEOS_DEPLOYMENT_TARGET = 14.1;
				MTL_ENABLE_DEBUG_INFO = INCLUDE_SOURCE;
				MTL_FAST_MATH = YES;
				ONLY_ACTIVE_ARCH = YES;
				SDKROOT = iphoneos;
				SWIFT_ACTIVE_COMPILATION_CONDITIONS = DEBUG;
				SWIFT_OPTIMIZATION_LEVEL = "-Onone";
			};
			name = Debug;
		};
		F84CC710254F708D00193203 /* Release */ = {
			isa = XCBuildConfiguration;
			buildSettings = {
				ALWAYS_SEARCH_USER_PATHS = NO;
				CLANG_ANALYZER_NONNULL = YES;
				CLANG_ANALYZER_NUMBER_OBJECT_CONVERSION = YES_AGGRESSIVE;
				CLANG_CXX_LANGUAGE_STANDARD = "gnu++14";
				CLANG_CXX_LIBRARY = "libc++";
				CLANG_ENABLE_MODULES = YES;
				CLANG_ENABLE_OBJC_ARC = YES;
				CLANG_ENABLE_OBJC_WEAK = YES;
				CLANG_WARN_BLOCK_CAPTURE_AUTORELEASING = YES;
				CLANG_WARN_BOOL_CONVERSION = YES;
				CLANG_WARN_COMMA = YES;
				CLANG_WARN_CONSTANT_CONVERSION = YES;
				CLANG_WARN_DEPRECATED_OBJC_IMPLEMENTATIONS = YES;
				CLANG_WARN_DIRECT_OBJC_ISA_USAGE = YES_ERROR;
				CLANG_WARN_DOCUMENTATION_COMMENTS = YES;
				CLANG_WARN_EMPTY_BODY = YES;
				CLANG_WARN_ENUM_CONVERSION = YES;
				CLANG_WARN_INFINITE_RECURSION = YES;
				CLANG_WARN_INT_CONVERSION = YES;
				CLANG_WARN_NON_LITERAL_NULL_CONVERSION = YES;
				CLANG_WARN_OBJC_IMPLICIT_RETAIN_SELF = YES;
				CLANG_WARN_OBJC_LITERAL_CONVERSION = YES;
				CLANG_WARN_OBJC_ROOT_CLASS = YES_ERROR;
				CLANG_WARN_QUOTED_INCLUDE_IN_FRAMEWORK_HEADER = YES;
				CLANG_WARN_RANGE_LOOP_ANALYSIS = YES;
				CLANG_WARN_STRICT_PROTOTYPES = YES;
				CLANG_WARN_SUSPICIOUS_MOVE = YES;
				CLANG_WARN_UNGUARDED_AVAILABILITY = YES_AGGRESSIVE;
				CLANG_WARN_UNREACHABLE_CODE = YES;
				CLANG_WARN__DUPLICATE_METHOD_MATCH = YES;
				COPY_PHASE_STRIP = NO;
				DEBUG_INFORMATION_FORMAT = "dwarf-with-dsym";
				ENABLE_NS_ASSERTIONS = NO;
				ENABLE_STRICT_OBJC_MSGSEND = YES;
				GCC_C_LANGUAGE_STANDARD = gnu11;
				GCC_NO_COMMON_BLOCKS = YES;
				GCC_WARN_64_TO_32_BIT_CONVERSION = YES;
				GCC_WARN_ABOUT_RETURN_TYPE = YES_ERROR;
				GCC_WARN_UNDECLARED_SELECTOR = YES;
				GCC_WARN_UNINITIALIZED_AUTOS = YES_AGGRESSIVE;
				GCC_WARN_UNUSED_FUNCTION = YES;
				GCC_WARN_UNUSED_VARIABLE = YES;
				IPHONEOS_DEPLOYMENT_TARGET = 14.1;
				MTL_ENABLE_DEBUG_INFO = NO;
				MTL_FAST_MATH = YES;
				SDKROOT = iphoneos;
				SWIFT_COMPILATION_MODE = wholemodule;
				SWIFT_OPTIMIZATION_LEVEL = "-O";
				VALIDATE_PRODUCT = YES;
			};
			name = Release;
		};
		F84CC712254F708D00193203 /* Debug */ = {
			isa = XCBuildConfiguration;
			baseConfigurationReference = 922FDE881BF68F36170376C0 /* Pods-Snacktacular.debug.xcconfig */;
			buildSettings = {
				ASSETCATALOG_COMPILER_APPICON_NAME = AppIcon;
				ASSETCATALOG_COMPILER_GLOBAL_ACCENT_COLOR_NAME = AccentColor;
				CODE_SIGN_STYLE = Automatic;
				DEVELOPMENT_TEAM = 63HRRA62ST;
				INFOPLIST_FILE = Snacktacular/Info.plist;
				LD_RUNPATH_SEARCH_PATHS = (
					"$(inherited)",
					"@executable_path/Frameworks",
				);
				PRODUCT_BUNDLE_IDENTIFIER = com.dantonio.Snacktacular;
				PRODUCT_NAME = "$(TARGET_NAME)";
				SWIFT_VERSION = 5.0;
				TARGETED_DEVICE_FAMILY = "1,2";
			};
			name = Debug;
		};
		F84CC713254F708D00193203 /* Release */ = {
			isa = XCBuildConfiguration;
			baseConfigurationReference = 1F2FF1398462091CC15F269D /* Pods-Snacktacular.release.xcconfig */;
			buildSettings = {
				ASSETCATALOG_COMPILER_APPICON_NAME = AppIcon;
				ASSETCATALOG_COMPILER_GLOBAL_ACCENT_COLOR_NAME = AccentColor;
				CODE_SIGN_STYLE = Automatic;
				DEVELOPMENT_TEAM = 63HRRA62ST;
				INFOPLIST_FILE = Snacktacular/Info.plist;
				LD_RUNPATH_SEARCH_PATHS = (
					"$(inherited)",
					"@executable_path/Frameworks",
				);
				PRODUCT_BUNDLE_IDENTIFIER = com.dantonio.Snacktacular;
				PRODUCT_NAME = "$(TARGET_NAME)";
				SWIFT_VERSION = 5.0;
				TARGETED_DEVICE_FAMILY = "1,2";
			};
			name = Release;
		};
/* End XCBuildConfiguration section */

/* Begin XCConfigurationList section */
		F84CC6F8254F708C00193203 /* Build configuration list for PBXProject "Snacktacular" */ = {
			isa = XCConfigurationList;
			buildConfigurations = (
				F84CC70F254F708D00193203 /* Debug */,
				F84CC710254F708D00193203 /* Release */,
			);
			defaultConfigurationIsVisible = 0;
			defaultConfigurationName = Release;
		};
		F84CC711254F708D00193203 /* Build configuration list for PBXNativeTarget "Snacktacular" */ = {
			isa = XCConfigurationList;
			buildConfigurations = (
				F84CC712254F708D00193203 /* Debug */,
				F84CC713254F708D00193203 /* Release */,
			);
			defaultConfigurationIsVisible = 0;
			defaultConfigurationName = Release;
		};
/* End XCConfigurationList section */
	};
	rootObject = F84CC6F5254F708C00193203 /* Project object */;
}
